{
    "_readme": [
        "This file locks the dependencies of your project to a known state",
        "Read more about it at https://getcomposer.org/doc/01-basic-usage.md#installing-dependencies",
        "This file is @generated automatically"
    ],
    "content-hash": "76ec6cc39866e402a2bf2f1b150a12d2",
    "packages": [
        {
            "name": "lbuchs/webauthn",
            "version": "v2.1.1",
            "source": {
                "type": "git",
                "url": "https://github.com/lbuchs/WebAuthn.git",
                "reference": "e73ff007e8a1099e72e0dbdd9d0884057409fc54"
            },
            "dist": {
                "type": "zip",
                "url": "https://api.github.com/repos/lbuchs/WebAuthn/zipball/e73ff007e8a1099e72e0dbdd9d0884057409fc54",
                "reference": "e73ff007e8a1099e72e0dbdd9d0884057409fc54",
                "shasum": ""
            },
            "require": {
                "php": ">=8.0.0"
            },
            "type": "library",
            "autoload": {
                "psr-4": {
                    "lbuchs\\WebAuthn\\": "src"
                }
            },
            "notification-url": "https://packagist.org/downloads/",
            "license": [
                "MIT"
            ],
            "authors": [
                {
                    "name": "Lukas Buchs",
                    "role": "Developer"
                }
            ],
            "description": "A simple PHP WebAuthn (FIDO2) server library",
            "homepage": "https://github.com/lbuchs/webauthn",
            "keywords": [
                "Authentication",
                "webauthn"
            ],
            "support": {
                "issues": "https://github.com/lbuchs/WebAuthn/issues",
                "source": "https://github.com/lbuchs/WebAuthn/tree/v2.1.1"
            },
            "time": "2024-01-15T15:46:57+00:00"
        }
    ],
    "packages-dev": [],
    "aliases": [],
    "minimum-stability": "stable",
    "stability-flags": [],
    "prefer-stable": false,
    "prefer-lowest": false,
    "platform": [],
    "platform-dev": [],
    "plugin-api-version": "2.6.0"
}
